
Microsoft Visual Studio Solution File, Format Version 12.00
# Visual Studio 15
VisualStudioVersion = 15.0.27130.2010
MinimumVisualStudioVersion = 10.0.40219.1
Project("{9A19103F-16F7-4668-BE54-9A1E7A4F7556}") = "API", "API\API.csproj", "{DC931D3E-0E13-4667-B1A3-F3D4863DE154}"
EndProject
Project("{9A19103F-16F7-4668-BE54-9A1E7A4F7556}") = "Data", "Data\Data.csproj", "{3CBE0309-6FD5-4B8C-8895-063C05E0E600}"
EndProject
Project("{9A19103F-16F7-4668-BE54-9A1E7A4F7556}") = "Entities", "Entities\Entities.csproj", "{C95BF307-0ACA-444B-8A7E-3C8EEF5D6057}"
EndProject
Global
	GlobalSection(SolutionConfigurationPlatforms) = preSolution
		Debug|Any CPU = Debug|Any CPU
		Release|Any CPU = Release|Any CPU
	EndGlobalSection
	GlobalSection(ProjectConfigurationPlatforms) = postSolution
		{DC931D3E-0E13-4667-B1A3-F3D4863DE154}.Debug|Any CPU.ActiveCfg = Debug|Any CPU
		{DC931D3E-0E13-4667-B1A3-F3D4863DE154}.Debug|Any CPU.Build.0 = Debug|Any CPU
		{DC931D3E-0E13-4667-B1A3-F3D4863DE154}.Release|Any CPU.ActiveCfg = Release|Any CPU
		{DC931D3E-0E13-4667-B1A3-F3D4863DE154}.Release|Any CPU.Build.0 = Release|Any CPU
		{3CBE0309-6FD5-4B8C-8895-063C05E0E600}.Debug|Any CPU.ActiveCfg = Debug|Any CPU
		{3CBE0309-6FD5-4B8C-8895-063C05E0E600}.Debug|Any CPU.Build.0 = Debug|Any CPU
		{3CBE0309-6FD5-4B8C-8895-063C05E0E600}.Release|Any CPU.ActiveCfg = Release|Any CPU
		{3CBE0309-6FD5-4B8C-8895-063C05E0E600}.Release|Any CPU.Build.0 = Release|Any CPU
		{C95BF307-0ACA-444B-8A7E-3C8EEF5D6057}.Debug|Any CPU.ActiveCfg = Debug|Any CPU
		{C95BF307-0ACA-444B-8A7E-3C8EEF5D6057}.Debug|Any CPU.Build.0 = Debug|Any CPU
		{C95BF307-0ACA-444B-8A7E-3C8EEF5D6057}.Release|Any CPU.ActiveCfg = Release|Any CPU
		{C95BF307-0ACA-444B-8A7E-3C8EEF5D6057}.Release|Any CPU.Build.0 = Release|Any CPU
	EndGlobalSection
	GlobalSection(SolutionProperties) = preSolution
		HideSolutionNode = FALSE
	EndGlobalSection
	GlobalSection(ExtensibilityGlobals) = postSolution
		SolutionGuid = {DC5CA31D-6171-4C3F-8359-3D9DE7B439A2}
	EndGlobalSection
EndGlobal
